// !$*UTF8*$!
{
	archiveVersion = 1;
	classes = {
	};
	objectVersion = 46;
	objects = {

/* Begin PBXBuildFile section */
		09A855301EBA30E900798056 /* ZYPageCollectionView.swift in Sources */ = {isa = PBXBuildFile; fileRef = 09A8552F1EBA30E900798056 /* ZYPageCollectionView.swift */; };
		09A855321EBA380C00798056 /* ZYPageCollectionViewLayout.swift in Sources */ = {isa = PBXBuildFile; fileRef = 09A855311EBA380C00798056 /* ZYPageCollectionViewLayout.swift */; };
		09BF0A6A1EDEB12500E116DE /* ZYBaseEntity.swift in Sources */ = {isa = PBXBuildFile; fileRef = 09BF0A691EDEB12500E116DE /* ZYBaseEntity.swift */; };
		09BF0A701EDEB64600E116DE /* ZYNetworkTool.swift in Sources */ = {isa = PBXBuildFile; fileRef = 09BF0A6F1EDEB64600E116DE /* ZYNetworkTool.swift */; };
		09BF0A7C1EDEBB1800E116DE /* Kingfisher-Extension.swift in Sources */ = {isa = PBXBuildFile; fileRef = 09BF0A7B1EDEBB1800E116DE /* Kingfisher-Extension.swift */; };
		09C4D0861E94D2470010E87F /* AppDelegate.swift in Sources */ = {isa = PBXBuildFile; fileRef = 09C4D0851E94D2470010E87F /* AppDelegate.swift */; };
		09C4D0881E94D2470010E87F /* ViewController.swift in Sources */ = {isa = PBXBuildFile; fileRef = 09C4D0871E94D2470010E87F /* ViewController.swift */; };
		09C4D08B1E94D2470010E87F /* Main.storyboard in Resources */ = {isa = PBXBuildFile; fileRef = 09C4D0891E94D2470010E87F /* Main.storyboard */; };
		09C4D08E1E94D2470010E87F /* ZYPageView.xcdatamodeld in Sources */ = {isa = PBXBuildFile; fileRef = 09C4D08C1E94D2470010E87F /* ZYPageView.xcdatamodeld */; };
		09C4D0901E94D2470010E87F /* Assets.xcassets in Resources */ = {isa = PBXBuildFile; fileRef = 09C4D08F1E94D2470010E87F /* Assets.xcassets */; };
		09C4D0931E94D2470010E87F /* LaunchScreen.storyboard in Resources */ = {isa = PBXBuildFile; fileRef = 09C4D0911E94D2470010E87F /* LaunchScreen.storyboard */; };
		09C4D09E1E94D2470010E87F /* ZYPageViewTests.swift in Sources */ = {isa = PBXBuildFile; fileRef = 09C4D09D1E94D2470010E87F /* ZYPageViewTests.swift */; };
		09C4D0A91E94D2470010E87F /* ZYPageViewUITests.swift in Sources */ = {isa = PBXBuildFile; fileRef = 09C4D0A81E94D2470010E87F /* ZYPageViewUITests.swift */; };
		09C4D0B81E94D2850010E87F /* ZYContainView.swift in Sources */ = {isa = PBXBuildFile; fileRef = 09C4D0B71E94D2850010E87F /* ZYContainView.swift */; };
		09C4D0BA1E94D2940010E87F /* ZYTitleView.swift in Sources */ = {isa = PBXBuildFile; fileRef = 09C4D0B91E94D2940010E87F /* ZYTitleView.swift */; };
		09C4D0BC1E94D2A30010E87F /* ZYPageView.swift in Sources */ = {isa = PBXBuildFile; fileRef = 09C4D0BB1E94D2A30010E87F /* ZYPageView.swift */; };
		09C4D0BE1E94E0030010E87F /* ZYTitleStyle.swift in Sources */ = {isa = PBXBuildFile; fileRef = 09C4D0BD1E94E0030010E87F /* ZYTitleStyle.swift */; };
		09C4D0C01E94F01B0010E87F /* UIColor-Extension.swift in Sources */ = {isa = PBXBuildFile; fileRef = 09C4D0BF1E94F01B0010E87F /* UIColor-Extension.swift */; };
		09C860471ED953D500C334D9 /* QHNormalEmotionSort.plist in Resources */ = {isa = PBXBuildFile; fileRef = 09C860451ED953D500C334D9 /* QHNormalEmotionSort.plist */; };
		09C860481ED953D500C334D9 /* QHSohuGifSort.plist in Resources */ = {isa = PBXBuildFile; fileRef = 09C860461ED953D500C334D9 /* QHSohuGifSort.plist */; };
		09C8604A1ED9547800C334D9 /* ZYEmotionVM.swift in Sources */ = {isa = PBXBuildFile; fileRef = 09C860491ED9547800C334D9 /* ZYEmotionVM.swift */; };
		09C8604C1ED954ED00C334D9 /* ZYEmotionEntity.swift in Sources */ = {isa = PBXBuildFile; fileRef = 09C8604B1ED954ED00C334D9 /* ZYEmotionEntity.swift */; };
		09C8604E1ED9552700C334D9 /* ZYEmoPackageEntity.swift in Sources */ = {isa = PBXBuildFile; fileRef = 09C8604D1ED9552700C334D9 /* ZYEmoPackageEntity.swift */; };
		09C860501ED9573200C334D9 /* ZYEmotionView.swift in Sources */ = {isa = PBXBuildFile; fileRef = 09C8604F1ED9573200C334D9 /* ZYEmotionView.swift */; };
		09C860531ED9586400C334D9 /* ZYEmotionCell.swift in Sources */ = {isa = PBXBuildFile; fileRef = 09C860511ED9586400C334D9 /* ZYEmotionCell.swift */; };
		09C860541ED9586400C334D9 /* ZYEmotionCell.xib in Resources */ = {isa = PBXBuildFile; fileRef = 09C860521ED9586400C334D9 /* ZYEmotionCell.xib */; };
		69231FE7BD64BB723174801D /* Pods_ZYPageView.framework in Frameworks */ = {isa = PBXBuildFile; fileRef = 2F27EFE55184CBCE21859096 /* Pods_ZYPageView.framework */; };
/* End PBXBuildFile section */

/* Begin PBXContainerItemProxy section */
		09C4D09A1E94D2470010E87F /* PBXContainerItemProxy */ = {
			isa = PBXContainerItemProxy;
			containerPortal = 09C4D07A1E94D2470010E87F /* Project object */;
			proxyType = 1;
			remoteGlobalIDString = 09C4D0811E94D2470010E87F;
			remoteInfo = ZYPageView;
		};
		09C4D0A51E94D2470010E87F /* PBXContainerItemProxy */ = {
			isa = PBXContainerItemProxy;
			containerPortal = 09C4D07A1E94D2470010E87F /* Project object */;
			proxyType = 1;
			remoteGlobalIDString = 09C4D0811E94D2470010E87F;
			remoteInfo = ZYPageView;
		};
/* End PBXContainerItemProxy section */

/* Begin PBXFileReference section */
		09A8552F1EBA30E900798056 /* ZYPageCollectionView.swift */ = {isa = PBXFileReference; fileEncoding = 4; lastKnownFileType = sourcecode.swift; path = ZYPageCollectionView.swift; sourceTree = "<group>"; };
		09A855311EBA380C00798056 /* ZYPageCollectionViewLayout.swift */ = {isa = PBXFileReference; fileEncoding = 4; lastKnownFileType = sourcecode.swift; path = ZYPageCollectionViewLayout.swift; sourceTree = "<group>"; };
		09BF0A691EDEB12500E116DE /* ZYBaseEntity.swift */ = {isa = PBXFileReference; fileEncoding = 4; lastKnownFileType = sourcecode.swift; path = ZYBaseEntity.swift; sourceTree = "<group>"; };
		09BF0A6F1EDEB64600E116DE /* ZYNetworkTool.swift */ = {isa = PBXFileReference; fileEncoding = 4; lastKnownFileType = sourcecode.swift; path = ZYNetworkTool.swift; sourceTree = "<group>"; };
		09BF0A7B1EDEBB1800E116DE /* Kingfisher-Extension.swift */ = {isa = PBXFileReference; fileEncoding = 4; lastKnownFileType = sourcecode.swift; path = "Kingfisher-Extension.swift"; sourceTree = "<group>"; };
		09C4D0821E94D2470010E87F /* ZYPageView.app */ = {isa = PBXFileReference; explicitFileType = wrapper.application; includeInIndex = 0; path = ZYPageView.app; sourceTree = BUILT_PRODUCTS_DIR; };
		09C4D0851E94D2470010E87F /* AppDelegate.swift */ = {isa = PBXFileReference; lastKnownFileType = sourcecode.swift; path = AppDelegate.swift; sourceTree = "<group>"; };
		09C4D0871E94D2470010E87F /* ViewController.swift */ = {isa = PBXFileReference; lastKnownFileType = sourcecode.swift; path = ViewController.swift; sourceTree = "<group>"; };
		09C4D08A1E94D2470010E87F /* Base */ = {isa = PBXFileReference; lastKnownFileType = file.storyboard; name = Base; path = Base.lproj/Main.storyboard; sourceTree = "<group>"; };
		09C4D08D1E94D2470010E87F /* ZYPageView.xcdatamodel */ = {isa = PBXFileReference; lastKnownFileType = wrapper.xcdatamodel; path = ZYPageView.xcdatamodel; sourceTree = "<group>"; };
		09C4D08F1E94D2470010E87F /* Assets.xcassets */ = {isa = PBXFileReference; lastKnownFileType = folder.assetcatalog; path = Assets.xcassets; sourceTree = "<group>"; };
		09C4D0921E94D2470010E87F /* Base */ = {isa = PBXFileReference; lastKnownFileType = file.storyboard; name = Base; path = Base.lproj/LaunchScreen.storyboard; sourceTree = "<group>"; };
		09C4D0941E94D2470010E87F /* Info.plist */ = {isa = PBXFileReference; lastKnownFileType = text.plist.xml; path = Info.plist; sourceTree = "<group>"; };
		09C4D0991E94D2470010E87F /* ZYPageViewTests.xctest */ = {isa = PBXFileReference; explicitFileType = wrapper.cfbundle; includeInIndex = 0; path = ZYPageViewTests.xctest; sourceTree = BUILT_PRODUCTS_DIR; };
		09C4D09D1E94D2470010E87F /* ZYPageViewTests.swift */ = {isa = PBXFileReference; lastKnownFileType = sourcecode.swift; path = ZYPageViewTests.swift; sourceTree = "<group>"; };
		09C4D09F1E94D2470010E87F /* Info.plist */ = {isa = PBXFileReference; lastKnownFileType = text.plist.xml; path = Info.plist; sourceTree = "<group>"; };
		09C4D0A41E94D2470010E87F /* ZYPageViewUITests.xctest */ = {isa = PBXFileReference; explicitFileType = wrapper.cfbundle; includeInIndex = 0; path = ZYPageViewUITests.xctest; sourceTree = BUILT_PRODUCTS_DIR; };
		09C4D0A81E94D2470010E87F /* ZYPageViewUITests.swift */ = {isa = PBXFileReference; lastKnownFileType = sourcecode.swift; path = ZYPageViewUITests.swift; sourceTree = "<group>"; };
		09C4D0AA1E94D2470010E87F /* Info.plist */ = {isa = PBXFileReference; lastKnownFileType = text.plist.xml; path = Info.plist; sourceTree = "<group>"; };
		09C4D0B71E94D2850010E87F /* ZYContainView.swift */ = {isa = PBXFileReference; fileEncoding = 4; lastKnownFileType = sourcecode.swift; path = ZYContainView.swift; sourceTree = "<group>"; };
		09C4D0B91E94D2940010E87F /* ZYTitleView.swift */ = {isa = PBXFileReference; fileEncoding = 4; lastKnownFileType = sourcecode.swift; path = ZYTitleView.swift; sourceTree = "<group>"; };
		09C4D0BB1E94D2A30010E87F /* ZYPageView.swift */ = {isa = PBXFileReference; fileEncoding = 4; lastKnownFileType = sourcecode.swift; path = ZYPageView.swift; sourceTree = "<group>"; };
		09C4D0BD1E94E0030010E87F /* ZYTitleStyle.swift */ = {isa = PBXFileReference; fileEncoding = 4; lastKnownFileType = sourcecode.swift; path = ZYTitleStyle.swift; sourceTree = "<group>"; };
		09C4D0BF1E94F01B0010E87F /* UIColor-Extension.swift */ = {isa = PBXFileReference; fileEncoding = 4; lastKnownFileType = sourcecode.swift; path = "UIColor-Extension.swift"; sourceTree = "<group>"; };
		09C860451ED953D500C334D9 /* QHNormalEmotionSort.plist */ = {isa = PBXFileReference; lastKnownFileType = file.bplist; path = QHNormalEmotionSort.plist; sourceTree = "<group>"; };
		09C860461ED953D500C334D9 /* QHSohuGifSort.plist */ = {isa = PBXFileReference; lastKnownFileType = file.bplist; path = QHSohuGifSort.plist; sourceTree = "<group>"; };
		09C860491ED9547800C334D9 /* ZYEmotionVM.swift */ = {isa = PBXFileReference; fileEncoding = 4; lastKnownFileType = sourcecode.swift; path = ZYEmotionVM.swift; sourceTree = "<group>"; };
		09C8604B1ED954ED00C334D9 /* ZYEmotionEntity.swift */ = {isa = PBXFileReference; fileEncoding = 4; lastKnownFileType = sourcecode.swift; path = ZYEmotionEntity.swift; sourceTree = "<group>"; };
		09C8604D1ED9552700C334D9 /* ZYEmoPackageEntity.swift */ = {isa = PBXFileReference; fileEncoding = 4; lastKnownFileType = sourcecode.swift; path = ZYEmoPackageEntity.swift; sourceTree = "<group>"; };
		09C8604F1ED9573200C334D9 /* ZYEmotionView.swift */ = {isa = PBXFileReference; fileEncoding = 4; lastKnownFileType = sourcecode.swift; path = ZYEmotionView.swift; sourceTree = "<group>"; };
		09C860511ED9586400C334D9 /* ZYEmotionCell.swift */ = {isa = PBXFileReference; fileEncoding = 4; lastKnownFileType = sourcecode.swift; path = ZYEmotionCell.swift; sourceTree = "<group>"; };
		09C860521ED9586400C334D9 /* ZYEmotionCell.xib */ = {isa = PBXFileReference; fileEncoding = 4; lastKnownFileType = file.xib; path = ZYEmotionCell.xib; sourceTree = "<group>"; };
		2F27EFE55184CBCE21859096 /* Pods_ZYPageView.framework */ = {isa = PBXFileReference; explicitFileType = wrapper.framework; includeInIndex = 0; path = Pods_ZYPageView.framework; sourceTree = BUILT_PRODUCTS_DIR; };
		729150C06B194D27673BB857 /* Pods-ZYPageView.debug.xcconfig */ = {isa = PBXFileReference; includeInIndex = 1; lastKnownFileType = text.xcconfig; name = "Pods-ZYPageView.debug.xcconfig"; path = "Pods/Target Support Files/Pods-ZYPageView/Pods-ZYPageView.debug.xcconfig"; sourceTree = "<group>"; };
		FD177B457808937BDD3F0FD6 /* Pods-ZYPageView.release.xcconfig */ = {isa = PBXFileReference; includeInIndex = 1; lastKnownFileType = text.xcconfig; name = "Pods-ZYPageView.release.xcconfig"; path = "Pods/Target Support Files/Pods-ZYPageView/Pods-ZYPageView.release.xcconfig"; sourceTree = "<group>"; };
/* End PBXFileReference section */

/* Begin PBXFrameworksBuildPhase section */
		09C4D07F1E94D2470010E87F /* Frameworks */ = {
			isa = PBXFrameworksBuildPhase;
			buildActionMask = 2147483647;
			files = (
				69231FE7BD64BB723174801D /* Pods_ZYPageView.framework in Frameworks */,
			);
			runOnlyForDeploymentPostprocessing = 0;
		};
		09C4D0961E94D2470010E87F /* Frameworks */ = {
			isa = PBXFrameworksBuildPhase;
			buildActionMask = 2147483647;
			files = (
			);
			runOnlyForDeploymentPostprocessing = 0;
		};
		09C4D0A11E94D2470010E87F /* Frameworks */ = {
			isa = PBXFrameworksBuildPhase;
			buildActionMask = 2147483647;
			files = (
			);
			runOnlyForDeploymentPostprocessing = 0;
		};
/* End PBXFrameworksBuildPhase section */

/* Begin PBXGroup section */
		09C4D0791E94D2470010E87F = {
			isa = PBXGroup;
			children = (
				09C4D0841E94D2470010E87F /* ZYPageView */,
				09C4D09C1E94D2470010E87F /* ZYPageViewTests */,
				09C4D0A71E94D2470010E87F /* ZYPageViewUITests */,
				09C4D0831E94D2470010E87F /* Products */,
				4BC71790EF4356BE5F2330E3 /* Pods */,
				C6B77038722E87E27A675E26 /* Frameworks */,
			);
			sourceTree = "<group>";
		};
		09C4D0831E94D2470010E87F /* Products */ = {
			isa = PBXGroup;
			children = (
				09C4D0821E94D2470010E87F /* ZYPageView.app */,
				09C4D0991E94D2470010E87F /* ZYPageViewTests.xctest */,
				09C4D0A41E94D2470010E87F /* ZYPageViewUITests.xctest */,
			);
			name = Products;
			sourceTree = "<group>";
		};
		09C4D0841E94D2470010E87F /* ZYPageView */ = {
			isa = PBXGroup;
			children = (
				09C4D0B61E94D2660010E87F /* PageView */,
				09C860401ED952BF00C334D9 /* Emotion */,
				09C4D0851E94D2470010E87F /* AppDelegate.swift */,
				09C4D0871E94D2470010E87F /* ViewController.swift */,
				09C4D0891E94D2470010E87F /* Main.storyboard */,
				09C4D08F1E94D2470010E87F /* Assets.xcassets */,
				09C4D0911E94D2470010E87F /* LaunchScreen.storyboard */,
				09C4D0941E94D2470010E87F /* Info.plist */,
				09C4D08C1E94D2470010E87F /* ZYPageView.xcdatamodeld */,
				09BF0A6F1EDEB64600E116DE /* ZYNetworkTool.swift */,
				09BF0A7B1EDEBB1800E116DE /* Kingfisher-Extension.swift */,
			);
			path = ZYPageView;
			sourceTree = "<group>";
		};
		09C4D09C1E94D2470010E87F /* ZYPageViewTests */ = {
			isa = PBXGroup;
			children = (
				09C4D09D1E94D2470010E87F /* ZYPageViewTests.swift */,
				09C4D09F1E94D2470010E87F /* Info.plist */,
			);
			path = ZYPageViewTests;
			sourceTree = "<group>";
		};
		09C4D0A71E94D2470010E87F /* ZYPageViewUITests */ = {
			isa = PBXGroup;
			children = (
				09C4D0A81E94D2470010E87F /* ZYPageViewUITests.swift */,
				09C4D0AA1E94D2470010E87F /* Info.plist */,
			);
			path = ZYPageViewUITests;
			sourceTree = "<group>";
		};
		09C4D0B61E94D2660010E87F /* PageView */ = {
			isa = PBXGroup;
			children = (
				09C4D0BF1E94F01B0010E87F /* UIColor-Extension.swift */,
				09C4D0BB1E94D2A30010E87F /* ZYPageView.swift */,
				09C4D0B71E94D2850010E87F /* ZYContainView.swift */,
				09C4D0B91E94D2940010E87F /* ZYTitleView.swift */,
				09C4D0BD1E94E0030010E87F /* ZYTitleStyle.swift */,
				09A8552F1EBA30E900798056 /* ZYPageCollectionView.swift */,
				09A855311EBA380C00798056 /* ZYPageCollectionViewLayout.swift */,
			);
			path = PageView;
			sourceTree = "<group>";
		};
		09C860401ED952BF00C334D9 /* Emotion */ = {
			isa = PBXGroup;
			children = (
				09C860411ED9539C00C334D9 /* Source */,
				09C860441ED953B800C334D9 /* View */,
				09C860431ED953B000C334D9 /* ViewModel */,
				09C860421ED953A900C334D9 /* Model */,
			);
			name = Emotion;
			sourceTree = "<group>";
		};
		09C860411ED9539C00C334D9 /* Source */ = {
			isa = PBXGroup;
			children = (
				09C860451ED953D500C334D9 /* QHNormalEmotionSort.plist */,
				09C860461ED953D500C334D9 /* QHSohuGifSort.plist */,
			);
			name = Source;
			sourceTree = "<group>";
		};
		09C860421ED953A900C334D9 /* Model */ = {
			isa = PBXGroup;
			children = (
				09BF0A691EDEB12500E116DE /* ZYBaseEntity.swift */,
				09C8604B1ED954ED00C334D9 /* ZYEmotionEntity.swift */,
				09C8604D1ED9552700C334D9 /* ZYEmoPackageEntity.swift */,
			);
			name = Model;
			sourceTree = "<group>";
		};
		09C860431ED953B000C334D9 /* ViewModel */ = {
			isa = PBXGroup;
			children = (
				09C860491ED9547800C334D9 /* ZYEmotionVM.swift */,
			);
			name = ViewModel;
			sourceTree = "<group>";
		};
		09C860441ED953B800C334D9 /* View */ = {
			isa = PBXGroup;
			children = (
				09C8604F1ED9573200C334D9 /* ZYEmotionView.swift */,
				09C860511ED9586400C334D9 /* ZYEmotionCell.swift */,
				09C860521ED9586400C334D9 /* ZYEmotionCell.xib */,
			);
			name = View;
			sourceTree = "<group>";
		};
		4BC71790EF4356BE5F2330E3 /* Pods */ = {
			isa = PBXGroup;
			children = (
				729150C06B194D27673BB857 /* Pods-ZYPageView.debug.xcconfig */,
				FD177B457808937BDD3F0FD6 /* Pods-ZYPageView.release.xcconfig */,
			);
			name = Pods;
			sourceTree = "<group>";
		};
		C6B77038722E87E27A675E26 /* Frameworks */ = {
			isa = PBXGroup;
			children = (
				2F27EFE55184CBCE21859096 /* Pods_ZYPageView.framework */,
			);
			name = Frameworks;
			sourceTree = "<group>";
		};
/* End PBXGroup section */

/* Begin PBXNativeTarget section */
		09C4D0811E94D2470010E87F /* ZYPageView */ = {
			isa = PBXNativeTarget;
			buildConfigurationList = 09C4D0AD1E94D2470010E87F /* Build configuration list for PBXNativeTarget "ZYPageView" */;
			buildPhases = (
				FF7092293A6648A2F0553B49 /* [CP] Check Pods Manifest.lock */,
				09C4D07E1E94D2470010E87F /* Sources */,
				09C4D07F1E94D2470010E87F /* Frameworks */,
				09C4D0801E94D2470010E87F /* Resources */,
				407E2C8615D543D57F5A9E5F /* [CP] Embed Pods Frameworks */,
				BBF89398805673FF4841B872 /* [CP] Copy Pods Resources */,
			);
			buildRules = (
			);
			dependencies = (
			);
			name = ZYPageView;
			productName = ZYPageView;
			productReference = 09C4D0821E94D2470010E87F /* ZYPageView.app */;
			productType = "com.apple.product-type.application";
		};
		09C4D0981E94D2470010E87F /* ZYPageViewTests */ = {
			isa = PBXNativeTarget;
			buildConfigurationList = 09C4D0B01E94D2470010E87F /* Build configuration list for PBXNativeTarget "ZYPageViewTests" */;
			buildPhases = (
				09C4D0951E94D2470010E87F /* Sources */,
				09C4D0961E94D2470010E87F /* Frameworks */,
				09C4D0971E94D2470010E87F /* Resources */,
			);
			buildRules = (
			);
			dependencies = (
				09C4D09B1E94D2470010E87F /* PBXTargetDependency */,
			);
			name = ZYPageViewTests;
			productName = ZYPageViewTests;
			productReference = 09C4D0991E94D2470010E87F /* ZYPageViewTests.xctest */;
			productType = "com.apple.product-type.bundle.unit-test";
		};
		09C4D0A31E94D2470010E87F /* ZYPageViewUITests */ = {
			isa = PBXNativeTarget;
			buildConfigurationList = 09C4D0B31E94D2470010E87F /* Build configuration list for PBXNativeTarget "ZYPageViewUITests" */;
			buildPhases = (
				09C4D0A01E94D2470010E87F /* Sources */,
				09C4D0A11E94D2470010E87F /* Frameworks */,
				09C4D0A21E94D2470010E87F /* Resources */,
			);
			buildRules = (
			);
			dependencies = (
				09C4D0A61E94D2470010E87F /* PBXTargetDependency */,
			);
			name = ZYPageViewUITests;
			productName = ZYPageViewUITests;
			productReference = 09C4D0A41E94D2470010E87F /* ZYPageViewUITests.xctest */;
			productType = "com.apple.product-type.bundle.ui-testing";
		};
/* End PBXNativeTarget section */

/* Begin PBXProject section */
		09C4D07A1E94D2470010E87F /* Project object */ = {
			isa = PBXProject;
			attributes = {
				LastSwiftUpdateCheck = 0830;
				LastUpgradeCheck = 0830;
				ORGANIZATIONNAME = "王志盼";
				TargetAttributes = {
					09C4D0811E94D2470010E87F = {
						CreatedOnToolsVersion = 8.3;
						DevelopmentTeam = T6FCKHRT95;
						ProvisioningStyle = Automatic;
					};
					09C4D0981E94D2470010E87F = {
						CreatedOnToolsVersion = 8.3;
						DevelopmentTeam = T6FCKHRT95;
						ProvisioningStyle = Automatic;
						TestTargetID = 09C4D0811E94D2470010E87F;
					};
					09C4D0A31E94D2470010E87F = {
						CreatedOnToolsVersion = 8.3;
						DevelopmentTeam = T6FCKHRT95;
						ProvisioningStyle = Automatic;
						TestTargetID = 09C4D0811E94D2470010E87F;
					};
				};
			};
			buildConfigurationList = 09C4D07D1E94D2470010E87F /* Build configuration list for PBXProject "ZYPageView" */;
			compatibilityVersion = "Xcode 3.2";
			developmentRegion = English;
			hasScannedForEncodings = 0;
			knownRegions = (
				en,
				Base,
			);
			mainGroup = 09C4D0791E94D2470010E87F;
			productRefGroup = 09C4D0831E94D2470010E87F /* Products */;
			projectDirPath = "";
			projectRoot = "";
			targets = (
				09C4D0811E94D2470010E87F /* ZYPageView */,
				09C4D0981E94D2470010E87F /* ZYPageViewTests */,
				09C4D0A31E94D2470010E87F /* ZYPageViewUITests */,
			);
		};
/* End PBXProject section */

/* Begin PBXResourcesBuildPhase section */
		09C4D0801E94D2470010E87F /* Resources */ = {
			isa = PBXResourcesBuildPhase;
			buildActionMask = 2147483647;
			files = (
				09C860541ED9586400C334D9 /* ZYEmotionCell.xib in Resources */,
				09C860471ED953D500C334D9 /* QHNormalEmotionSort.plist in Resources */,
				09C4D0931E94D2470010E87F /* LaunchScreen.storyboard in Resources */,
				09C4D0901E94D2470010E87F /* Assets.xcassets in Resources */,
				09C4D08B1E94D2470010E87F /* Main.storyboard in Resources */,
				09C860481ED953D500C334D9 /* QHSohuGifSort.plist in Resources */,
			);
			runOnlyForDeploymentPostprocessing = 0;
		};
		09C4D0971E94D2470010E87F /* Resources */ = {
			isa = PBXResourcesBuildPhase;
			buildActionMask = 2147483647;
			files = (
			);
			runOnlyForDeploymentPostprocessing = 0;
		};
		09C4D0A21E94D2470010E87F /* Resources */ = {
			isa = PBXResourcesBuildPhase;
			buildActionMask = 2147483647;
			files = (
			);
			runOnlyForDeploymentPostprocessing = 0;
		};
/* End PBXResourcesBuildPhase section */

/* Begin PBXShellScriptBuildPhase section */
		407E2C8615D543D57F5A9E5F /* [CP] Embed Pods Frameworks */ = {
			isa = PBXShellScriptBuildPhase;
			buildActionMask = 2147483647;
			files = (
			);
			inputPaths = (
			);
			name = "[CP] Embed Pods Frameworks";
			outputPaths = (
			);
			runOnlyForDeploymentPostprocessing = 0;
			shellPath = /bin/sh;
			shellScript = "\"${SRCROOT}/Pods/Target Support Files/Pods-ZYPageView/Pods-ZYPageView-frameworks.sh\"\n";
			showEnvVarsInLog = 0;
		};
		BBF89398805673FF4841B872 /* [CP] Copy Pods Resources */ = {
			isa = PBXShellScriptBuildPhase;
			buildActionMask = 2147483647;
			files = (
			);
			inputPaths = (
			);
			name = "[CP] Copy Pods Resources";
			outputPaths = (
			);
			runOnlyForDeploymentPostprocessing = 0;
			shellPath = /bin/sh;
			shellScript = "\"${SRCROOT}/Pods/Target Support Files/Pods-ZYPageView/Pods-ZYPageView-resources.sh\"\n";
			showEnvVarsInLog = 0;
		};
		FF7092293A6648A2F0553B49 /* [CP] Check Pods Manifest.lock */ = {
			isa = PBXShellScriptBuildPhase;
			buildActionMask = 2147483647;
			files = (
			);
			inputPaths = (
			);
			name = "[CP] Check Pods Manifest.lock";
			outputPaths = (
			);
			runOnlyForDeploymentPostprocessing = 0;
			shellPath = /bin/sh;
			shellScript = "diff \"${PODS_ROOT}/../Podfile.lock\" \"${PODS_ROOT}/Manifest.lock\" > /dev/null\nif [ $? != 0 ] ; then\n    # print error to STDERR\n    echo \"error: The sandbox is not in sync with the Podfile.lock. Run 'pod install' or update your CocoaPods installation.\" >&2\n    exit 1\nfi\n";
			showEnvVarsInLog = 0;
		};
/* End PBXShellScriptBuildPhase section */

/* Begin PBXSourcesBuildPhase section */
		09C4D07E1E94D2470010E87F /* Sources */ = {
			isa = PBXSourcesBuildPhase;
			buildActionMask = 2147483647;
			files = (
				09C4D0BC1E94D2A30010E87F /* ZYPageView.swift in Sources */,
				09C4D0C01E94F01B0010E87F /* UIColor-Extension.swift in Sources */,
				09C4D0BE1E94E0030010E87F /* ZYTitleStyle.swift in Sources */,
				09C8604C1ED954ED00C334D9 /* ZYEmotionEntity.swift in Sources */,
				09A855301EBA30E900798056 /* ZYPageCollectionView.swift in Sources */,
				09C860501ED9573200C334D9 /* ZYEmotionView.swift in Sources */,
				09C8604E1ED9552700C334D9 /* ZYEmoPackageEntity.swift in Sources */,
				09BF0A6A1EDEB12500E116DE /* ZYBaseEntity.swift in Sources */,
				09C4D0B81E94D2850010E87F /* ZYContainView.swift in Sources */,
				09C4D0BA1E94D2940010E87F /* ZYTitleView.swift in Sources */,
				09A855321EBA380C00798056 /* ZYPageCollectionViewLayout.swift in Sources */,
				09C8604A1ED9547800C334D9 /* ZYEmotionVM.swift in Sources */,
				09C4D0881E94D2470010E87F /* ViewController.swift in Sources */,
				09C4D08E1E94D2470010E87F /* ZYPageView.xcdatamodeld in Sources */,
				09C860531ED9586400C334D9 /* ZYEmotionCell.swift in Sources */,
				09C4D0861E94D2470010E87F /* AppDelegate.swift in Sources */,
				09BF0A701EDEB64600E116DE /* ZYNetworkTool.swift in Sources */,
				09BF0A7C1EDEBB1800E116DE /* Kingfisher-Extension.swift in Sources */,
			);
			runOnlyForDeploymentPostprocessing = 0;
		};
		09C4D0951E94D2470010E87F /* Sources */ = {
			isa = PBXSourcesBuildPhase;
			buildActionMask = 2147483647;
			files = (
				09C4D09E1E94D2470010E87F /* ZYPageViewTests.swift in Sources */,
			);
			runOnlyForDeploymentPostprocessing = 0;
		};
		09C4D0A01E94D2470010E87F /* Sources */ = {
			isa = PBXSourcesBuildPhase;
			buildActionMask = 2147483647;
			files = (
				09C4D0A91E94D2470010E87F /* ZYPageViewUITests.swift in Sources */,
			);
			runOnlyForDeploymentPostprocessing = 0;
		};
/* End PBXSourcesBuildPhase section */

/* Begin PBXTargetDependency section */
		09C4D09B1E94D2470010E87F /* PBXTargetDependency */ = {
			isa = PBXTargetDependency;
			target = 09C4D0811E94D2470010E87F /* ZYPageView */;
			targetProxy = 09C4D09A1E94D2470010E87F /* PBXContainerItemProxy */;
		};
		09C4D0A61E94D2470010E87F /* PBXTargetDependency */ = {
			isa = PBXTargetDependency;
			target = 09C4D0811E94D2470010E87F /* ZYPageView */;
			targetProxy = 09C4D0A51E94D2470010E87F /* PBXContainerItemProxy */;
		};
/* End PBXTargetDependency section */

/* Begin PBXVariantGroup section */
		09C4D0891E94D2470010E87F /* Main.storyboard */ = {
			isa = PBXVariantGroup;
			children = (
				09C4D08A1E94D2470010E87F /* Base */,
			);
			name = Main.storyboard;
			sourceTree = "<group>";
		};
		09C4D0911E94D2470010E87F /* LaunchScreen.storyboard */ = {
			isa = PBXVariantGroup;
			children = (
				09C4D0921E94D2470010E87F /* Base */,
			);
			name = LaunchScreen.storyboard;
			sourceTree = "<group>";
		};
/* End PBXVariantGroup section */

/* Begin XCBuildConfiguration section */
		09C4D0AB1E94D2470010E87F /* Debug */ = {
			isa = XCBuildConfiguration;
			buildSettings = {
				ALWAYS_SEARCH_USER_PATHS = NO;
				CLANG_ANALYZER_NONNULL = YES;
				CLANG_ANALYZER_NUMBER_OBJECT_CONVERSION = YES_AGGRESSIVE;
				CLANG_CXX_LANGUAGE_STANDARD = "gnu++0x";
				CLANG_CXX_LIBRARY = "libc++";
				CLANG_ENABLE_MODULES = YES;
				CLANG_ENABLE_OBJC_ARC = YES;
				CLANG_WARN_BOOL_CONVERSION = YES;
				CLANG_WARN_CONSTANT_CONVERSION = YES;
				CLANG_WARN_DIRECT_OBJC_ISA_USAGE = YES_ERROR;
				CLANG_WARN_DOCUMENTATION_COMMENTS = YES;
				CLANG_WARN_EMPTY_BODY = YES;
				CLANG_WARN_ENUM_CONVERSION = YES;
				CLANG_WARN_INFINITE_RECURSION = YES;
				CLANG_WARN_INT_CONVERSION = YES;
				CLANG_WARN_OBJC_ROOT_CLASS = YES_ERROR;
				CLANG_WARN_SUSPICIOUS_MOVE = YES;
				CLANG_WARN_UNREACHABLE_CODE = YES;
				CLANG_WARN__DUPLICATE_METHOD_MATCH = YES;
				"CODE_SIGN_IDENTITY[sdk=iphoneos*]" = "iPhone Developer";
				COPY_PHASE_STRIP = NO;
				DEBUG_INFORMATION_FORMAT = dwarf;
				ENABLE_STRICT_OBJC_MSGSEND = YES;
				ENABLE_TESTABILITY = YES;
				GCC_C_LANGUAGE_STANDARD = gnu99;
				GCC_DYNAMIC_NO_PIC = NO;
				GCC_NO_COMMON_BLOCKS = YES;
				GCC_OPTIMIZATION_LEVEL = 0;
				GCC_PREPROCESSOR_DEFINITIONS = (
					"DEBUG=1",
					"$(inherited)",
				);
				GCC_WARN_64_TO_32_BIT_CONVERSION = YES;
				GCC_WARN_ABOUT_RETURN_TYPE = YES_ERROR;
				GCC_WARN_UNDECLARED_SELECTOR = YES;
				GCC_WARN_UNINITIALIZED_AUTOS = YES_AGGRESSIVE;
				GCC_WARN_UNUSED_FUNCTION = YES;
				GCC_WARN_UNUSED_VARIABLE = YES;
				IPHONEOS_DEPLOYMENT_TARGET = 10.3;
				MTL_ENABLE_DEBUG_INFO = YES;
				ONLY_ACTIVE_ARCH = YES;
				SDKROOT = iphoneos;
				SWIFT_ACTIVE_COMPILATION_CONDITIONS = DEBUG;
				SWIFT_OPTIMIZATION_LEVEL = "-Onone";
				TARGETED_DEVICE_FAMILY = "1,2";
			};
			name = Debug;
		};
		09C4D0AC1E94D2470010E87F /* Release */ = {
			isa = XCBuildConfiguration;
			buildSettings = {
				ALWAYS_SEARCH_USER_PATHS = NO;
				CLANG_ANALYZER_NONNULL = YES;
				CLANG_ANALYZER_NUMBER_OBJECT_CONVERSION = YES_AGGRESSIVE;
				CLANG_CXX_LANGUAGE_STANDARD = "gnu++0x";
				CLANG_CXX_LIBRARY = "libc++";
				CLANG_ENABLE_MODULES = YES;
				CLANG_ENABLE_OBJC_ARC = YES;
				CLANG_WARN_BOOL_CONVERSION = YES;
				CLANG_WARN_CONSTANT_CONVERSION = YES;
				CLANG_WARN_DIRECT_OBJC_ISA_USAGE = YES_ERROR;
				CLANG_WARN_DOCUMENTATION_COMMENTS = YES;
				CLANG_WARN_EMPTY_BODY = YES;
				CLANG_WARN_ENUM_CONVERSION = YES;
				CLANG_WARN_INFINITE_RECURSION = YES;
				CLANG_WARN_INT_CONVERSION = YES;
				CLANG_WARN_OBJC_ROOT_CLASS = YES_ERROR;
				CLANG_WARN_SUSPICIOUS_MOVE = YES;
				CLANG_WARN_UNREACHABLE_CODE = YES;
				CLANG_WARN__DUPLICATE_METHOD_MATCH = YES;
				"CODE_SIGN_IDENTITY[sdk=iphoneos*]" = "iPhone Developer";
				COPY_PHASE_STRIP = NO;
				DEBUG_INFORMATION_FORMAT = "dwarf-with-dsym";
				ENABLE_NS_ASSERTIONS = NO;
				ENABLE_STRICT_OBJC_MSGSEND = YES;
				GCC_C_LANGUAGE_STANDARD = gnu99;
				GCC_NO_COMMON_BLOCKS = YES;
				GCC_WARN_64_TO_32_BIT_CONVERSION = YES;
				GCC_WARN_ABOUT_RETURN_TYPE = YES_ERROR;
				GCC_WARN_UNDECLARED_SELECTOR = YES;
				GCC_WARN_UNINITIALIZED_AUTOS = YES_AGGRESSIVE;
				GCC_WARN_UNUSED_FUNCTION = YES;
				GCC_WARN_UNUSED_VARIABLE = YES;
				IPHONEOS_DEPLOYMENT_TARGET = 10.3;
				MTL_ENABLE_DEBUG_INFO = NO;
				SDKROOT = iphoneos;
				SWIFT_OPTIMIZATION_LEVEL = "-Owholemodule";
				TARGETED_DEVICE_FAMILY = "1,2";
				VALIDATE_PRODUCT = YES;
			};
			name = Release;
		};
		09C4D0AE1E94D2470010E87F /* Debug */ = {
			isa = XCBuildConfiguration;
			baseConfigurationReference = 729150C06B194D27673BB857 /* Pods-ZYPageView.debug.xcconfig */;
			buildSettings = {
				ASSETCATALOG_COMPILER_APPICON_NAME = AppIcon;
				DEVELOPMENT_TEAM = T6FCKHRT95;
				INFOPLIST_FILE = ZYPageView/Info.plist;
				LD_RUNPATH_SEARCH_PATHS = "$(inherited) @executable_path/Frameworks";
				PRODUCT_BUNDLE_IDENTIFIER = com.chutong.www.ZYPageView;
				PRODUCT_NAME = "$(TARGET_NAME)";
				SWIFT_VERSION = 3.0;
			};
			name = Debug;
		};
		09C4D0AF1E94D2470010E87F /* Release */ = {
			isa = XCBuildConfiguration;
			baseConfigurationReference = FD177B457808937BDD3F0FD6 /* Pods-ZYPageView.release.xcconfig */;
			buildSettings = {
				ASSETCATALOG_COMPILER_APPICON_NAME = AppIcon;
				DEVELOPMENT_TEAM = T6FCKHRT95;
				INFOPLIST_FILE = ZYPageView/Info.plist;
				LD_RUNPATH_SEARCH_PATHS = "$(inherited) @executable_path/Frameworks";
				PRODUCT_BUNDLE_IDENTIFIER = com.chutong.www.ZYPageView;
				PRODUCT_NAME = "$(TARGET_NAME)";
				SWIFT_VERSION = 3.0;
			};
			name = Release;
		};
		09C4D0B11E94D2470010E87F /* Debug */ = {
			isa = XCBuildConfiguration;
			buildSettings = {
				ALWAYS_EMBED_SWIFT_STANDARD_LIBRARIES = YES;
				BUNDLE_LOADER = "$(TEST_HOST)";
				DEVELOPMENT_TEAM = T6FCKHRT95;
				INFOPLIST_FILE = ZYPageViewTests/Info.plist;
				LD_RUNPATH_SEARCH_PATHS = "$(inherited) @executable_path/Frameworks @loader_path/Frameworks";
				PRODUCT_BUNDLE_IDENTIFIER = com.chutong.www.ZYPageViewTests;
				PRODUCT_NAME = "$(TARGET_NAME)";
				SWIFT_VERSION = 3.0;
				TEST_HOST = "$(BUILT_PRODUCTS_DIR)/ZYPageView.app/ZYPageView";
			};
			name = Debug;
		};
		09C4D0B21E94D2470010E87F /* Release */ = {
			isa = XCBuildConfiguration;
			buildSettings = {
				ALWAYS_EMBED_SWIFT_STANDARD_LIBRARIES = YES;
				BUNDLE_LOADER = "$(TEST_HOST)";
				DEVELOPMENT_TEAM = T6FCKHRT95;
				INFOPLIST_FILE = ZYPageViewTests/Info.plist;
				LD_RUNPATH_SEARCH_PATHS = "$(inherited) @executable_path/Frameworks @loader_path/Frameworks";
				PRODUCT_BUNDLE_IDENTIFIER = com.chutong.www.ZYPageViewTests;
				PRODUCT_NAME = "$(TARGET_NAME)";
				SWIFT_VERSION = 3.0;
				TEST_HOST = "$(BUILT_PRODUCTS_DIR)/ZYPageView.app/ZYPageView";
			};
			name = Release;
		};
		09C4D0B41E94D2470010E87F /* Debug */ = {
			isa = XCBuildConfiguration;
			buildSettings = {
				ALWAYS_EMBED_SWIFT_STANDARD_LIBRARIES = YES;
				DEVELOPMENT_TEAM = T6FCKHRT95;
				INFOPLIST_FILE = ZYPageViewUITests/Info.plist;
				LD_RUNPATH_SEARCH_PATHS = "$(inherited) @executable_path/Frameworks @loader_path/Frameworks";
				PRODUCT_BUNDLE_IDENTIFIER = com.chutong.www.ZYPageViewUITests;
				PRODUCT_NAME = "$(TARGET_NAME)";
				SWIFT_VERSION = 3.0;
				TEST_TARGET_NAME = ZYPageView;
			};
			name = Debug;
		};
		09C4D0B51E94D2470010E87F /* Release */ = {
			isa = XCBuildConfiguration;
			buildSettings = {
				ALWAYS_EMBED_SWIFT_STANDARD_LIBRARIES = YES;
				DEVELOPMENT_TEAM = T6FCKHRT95;
				INFOPLIST_FILE = ZYPageViewUITests/Info.plist;
				LD_RUNPATH_SEARCH_PATHS = "$(inherited) @executable_path/Frameworks @loader_path/Frameworks";
				PRODUCT_BUNDLE_IDENTIFIER = com.chutong.www.ZYPageViewUITests;
				PRODUCT_NAME = "$(TARGET_NAME)";
				SWIFT_VERSION = 3.0;
				TEST_TARGET_NAME = ZYPageView;
			};
			name = Release;
		};
/* End XCBuildConfiguration section */

/* Begin XCConfigurationList section */
		09C4D07D1E94D2470010E87F /* Build configuration list for PBXProject "ZYPageView" */ = {
			isa = XCConfigurationList;
			buildConfigurations = (
				09C4D0AB1E94D2470010E87F /* Debug */,
				09C4D0AC1E94D2470010E87F /* Release */,
			);
			defaultConfigurationIsVisible = 0;
			defaultConfigurationName = Release;
		};
		09C4D0AD1E94D2470010E87F /* Build configuration list for PBXNativeTarget "ZYPageView" */ = {
			isa = XCConfigurationList;
			buildConfigurations = (
				09C4D0AE1E94D2470010E87F /* Debug */,
				09C4D0AF1E94D2470010E87F /* Release */,
			);
			defaultConfigurationIsVisible = 0;
			defaultConfigurationName = Release;
		};
		09C4D0B01E94D2470010E87F /* Build configuration list for PBXNativeTarget "ZYPageViewTests" */ = {
			isa = XCConfigurationList;
			buildConfigurations = (
				09C4D0B11E94D2470010E87F /* Debug */,
				09C4D0B21E94D2470010E87F /* Release */,
			);
			defaultConfigurationIsVisible = 0;
			defaultConfigurationName = Release;
		};
		09C4D0B31E94D2470010E87F /* Build configuration list for PBXNativeTarget "ZYPageViewUITests" */ = {
			isa = XCConfigurationList;
			buildConfigurations = (
				09C4D0B41E94D2470010E87F /* Debug */,
				09C4D0B51E94D2470010E87F /* Release */,
			);
			defaultConfigurationIsVisible = 0;
			defaultConfigurationName = Release;
		};
/* End XCConfigurationList section */

/* Begin XCVersionGroup section */
		09C4D08C1E94D2470010E87F /* ZYPageView.xcdatamodeld */ = {
			isa = XCVersionGroup;
			children = (
				09C4D08D1E94D2470010E87F /* ZYPageView.xcdatamodel */,
			);
			currentVersion = 09C4D08D1E94D2470010E87F /* ZYPageView.xcdatamodel */;
			path = ZYPageView.xcdatamodeld;
			sourceTree = "<group>";
			versionGroupType = wrapper.xcdatamodel;
		};
/* End XCVersionGroup section */
	};
	rootObject = 09C4D07A1E94D2470010E87F /* Project object */;
}
